version = 1
requires-python = "==3.11.*"

[manifest]
members = [
    "fibonacci-cpp",
    "fibonacci-cy",
    "testmol",
]

[[package]]
name = "fibonacci-cpp"
version = "0.0.3"
source = { editable = "packages/fibonacci_cpp" }

[[package]]
name = "fibonacci-cy"
version = "0.0.3"
source = { editable = "packages/fibonacci_cy" }

[[package]]
name = "testmol"
version = "0.0.3"
source = { editable = "." }
dependencies = [
    { name = "fibonacci-cpp" },
    { name = "fibonacci-cy" },
]

[package.metadata]
requires-dist = [
    { name = "fibonacci-cpp", editable = "packages/fibonacci_cpp" },
    { name = "fibonacci-cy", editable = "packages/fibonacci_cy" },
]
